
Microsoft Visual Studio Solution File, Format Version 10.00
# Visual Studio 2008
Project("{8BC9CEB8-8B4A-11D0-8D11-00A0C91BC942}") = "CS3", "CS3\CS3.vcproj", "{28E915BA-D48D-4A19-83F4-E5A1B3475438}"
EndProject
Project("{8BC9CEB8-8B4A-11D0-8D11-00A0C91BC942}") = "bak", "bak\bak.vcproj", "{F18A391B-3127-494C-9C2E-F256D8D6E937}"
EndProject
Project("{8BC9CEB8-8B4A-11D0-8D11-00A0C91BC942}") = "CS3_commander", "CS3_commander\CS3_commander.vcproj", "{A99012C6-6BFA-4F3B-A27F-AD1E533C3FF1}"
EndProject
Project("{8BC9CEB8-8B4A-11D0-8D11-00A0C91BC942}") = "bootUSB", "bootUSB\bootUSB.vcproj", "{5110D22B-59A5-4B21-AB3A-85EA5080413C}"
EndProject
Project("{8BC9CEB8-8B4A-11D0-8D11-00A0C91BC942}") = "libMBED", "..\..\mcu_build\mcu_build\mcu_build_SDK\Library\libMBED\libMBED.vcproj", "{F9181063-6C59-4321-88AC-06E12F0D8B5D}"
EndProject
Project("{8BC9CEB8-8B4A-11D0-8D11-00A0C91BC942}") = "libPublic", "..\..\mcu_build\mcu_build\mcu_build_SDK\Library\libPublic\libPublic.vcproj", "{11B94E3B-68DD-435B-8FDC-8330560ED8E2}"
EndProject
Global
	GlobalSection(SolutionConfigurationPlatforms) = preSolution
		MCU_TYPE|Win32 = MCU_TYPE|Win32
		RDA5856|Win32 = RDA5856|Win32
		STM32F0XX|Win32 = STM32F0XX|Win32
		STM32F10X|Win32 = STM32F10X|Win32
		STM32F4XX|Win32 = STM32F4XX|Win32
	EndGlobalSection
	GlobalSection(ProjectConfigurationPlatforms) = postSolution
		{28E915BA-D48D-4A19-83F4-E5A1B3475438}.MCU_TYPE|Win32.ActiveCfg = RDA5856|Win32
		{28E915BA-D48D-4A19-83F4-E5A1B3475438}.MCU_TYPE|Win32.Build.0 = RDA5856|Win32
		{28E915BA-D48D-4A19-83F4-E5A1B3475438}.RDA5856|Win32.ActiveCfg = RDA5856|Win32
		{28E915BA-D48D-4A19-83F4-E5A1B3475438}.RDA5856|Win32.Build.0 = RDA5856|Win32
		{28E915BA-D48D-4A19-83F4-E5A1B3475438}.STM32F0XX|Win32.ActiveCfg = RDA5856|Win32
		{28E915BA-D48D-4A19-83F4-E5A1B3475438}.STM32F0XX|Win32.Build.0 = RDA5856|Win32
		{28E915BA-D48D-4A19-83F4-E5A1B3475438}.STM32F10X|Win32.ActiveCfg = RDA5856|Win32
		{28E915BA-D48D-4A19-83F4-E5A1B3475438}.STM32F10X|Win32.Build.0 = RDA5856|Win32
		{28E915BA-D48D-4A19-83F4-E5A1B3475438}.STM32F4XX|Win32.ActiveCfg = RDA5856|Win32
		{28E915BA-D48D-4A19-83F4-E5A1B3475438}.STM32F4XX|Win32.Build.0 = RDA5856|Win32
		{F18A391B-3127-494C-9C2E-F256D8D6E937}.MCU_TYPE|Win32.ActiveCfg = MCU_TYPE|Win32
		{F18A391B-3127-494C-9C2E-F256D8D6E937}.MCU_TYPE|Win32.Build.0 = MCU_TYPE|Win32
		{F18A391B-3127-494C-9C2E-F256D8D6E937}.RDA5856|Win32.ActiveCfg = MCU_TYPE|Win32
		{F18A391B-3127-494C-9C2E-F256D8D6E937}.RDA5856|Win32.Build.0 = MCU_TYPE|Win32
		{F18A391B-3127-494C-9C2E-F256D8D6E937}.STM32F0XX|Win32.ActiveCfg = MCU_TYPE|Win32
		{F18A391B-3127-494C-9C2E-F256D8D6E937}.STM32F0XX|Win32.Build.0 = MCU_TYPE|Win32
		{F18A391B-3127-494C-9C2E-F256D8D6E937}.STM32F10X|Win32.ActiveCfg = MCU_TYPE|Win32
		{F18A391B-3127-494C-9C2E-F256D8D6E937}.STM32F10X|Win32.Build.0 = MCU_TYPE|Win32
		{F18A391B-3127-494C-9C2E-F256D8D6E937}.STM32F4XX|Win32.ActiveCfg = MCU_TYPE|Win32
		{F18A391B-3127-494C-9C2E-F256D8D6E937}.STM32F4XX|Win32.Build.0 = MCU_TYPE|Win32
		{A99012C6-6BFA-4F3B-A27F-AD1E533C3FF1}.MCU_TYPE|Win32.ActiveCfg = RDA5856|Win32
		{A99012C6-6BFA-4F3B-A27F-AD1E533C3FF1}.MCU_TYPE|Win32.Build.0 = RDA5856|Win32
		{A99012C6-6BFA-4F3B-A27F-AD1E533C3FF1}.RDA5856|Win32.ActiveCfg = RDA5856|Win32
		{A99012C6-6BFA-4F3B-A27F-AD1E533C3FF1}.RDA5856|Win32.Build.0 = RDA5856|Win32
		{A99012C6-6BFA-4F3B-A27F-AD1E533C3FF1}.STM32F0XX|Win32.ActiveCfg = RDA5856|Win32
		{A99012C6-6BFA-4F3B-A27F-AD1E533C3FF1}.STM32F0XX|Win32.Build.0 = RDA5856|Win32
		{A99012C6-6BFA-4F3B-A27F-AD1E533C3FF1}.STM32F10X|Win32.ActiveCfg = RDA5856|Win32
		{A99012C6-6BFA-4F3B-A27F-AD1E533C3FF1}.STM32F10X|Win32.Build.0 = RDA5856|Win32
		{A99012C6-6BFA-4F3B-A27F-AD1E533C3FF1}.STM32F4XX|Win32.ActiveCfg = RDA5856|Win32
		{A99012C6-6BFA-4F3B-A27F-AD1E533C3FF1}.STM32F4XX|Win32.Build.0 = RDA5856|Win32
		{5110D22B-59A5-4B21-AB3A-85EA5080413C}.MCU_TYPE|Win32.ActiveCfg = RDA5856|Win32
		{5110D22B-59A5-4B21-AB3A-85EA5080413C}.MCU_TYPE|Win32.Build.0 = RDA5856|Win32
		{5110D22B-59A5-4B21-AB3A-85EA5080413C}.RDA5856|Win32.ActiveCfg = RDA5856|Win32
		{5110D22B-59A5-4B21-AB3A-85EA5080413C}.RDA5856|Win32.Build.0 = RDA5856|Win32
		{5110D22B-59A5-4B21-AB3A-85EA5080413C}.STM32F0XX|Win32.ActiveCfg = RDA5856|Win32
		{5110D22B-59A5-4B21-AB3A-85EA5080413C}.STM32F0XX|Win32.Build.0 = RDA5856|Win32
		{5110D22B-59A5-4B21-AB3A-85EA5080413C}.STM32F10X|Win32.ActiveCfg = RDA5856|Win32
		{5110D22B-59A5-4B21-AB3A-85EA5080413C}.STM32F10X|Win32.Build.0 = RDA5856|Win32
		{5110D22B-59A5-4B21-AB3A-85EA5080413C}.STM32F4XX|Win32.ActiveCfg = RDA5856|Win32
		{5110D22B-59A5-4B21-AB3A-85EA5080413C}.STM32F4XX|Win32.Build.0 = RDA5856|Win32
		{F9181063-6C59-4321-88AC-06E12F0D8B5D}.MCU_TYPE|Win32.ActiveCfg = STM32F0XX|Win32
		{F9181063-6C59-4321-88AC-06E12F0D8B5D}.MCU_TYPE|Win32.Build.0 = STM32F0XX|Win32
		{F9181063-6C59-4321-88AC-06E12F0D8B5D}.RDA5856|Win32.ActiveCfg = STM32F0XX|Win32
		{F9181063-6C59-4321-88AC-06E12F0D8B5D}.RDA5856|Win32.Build.0 = STM32F0XX|Win32
		{F9181063-6C59-4321-88AC-06E12F0D8B5D}.STM32F0XX|Win32.ActiveCfg = STM32F0XX|Win32
		{F9181063-6C59-4321-88AC-06E12F0D8B5D}.STM32F0XX|Win32.Build.0 = STM32F0XX|Win32
		{F9181063-6C59-4321-88AC-06E12F0D8B5D}.STM32F10X|Win32.ActiveCfg = STM32F10X|Win32
		{F9181063-6C59-4321-88AC-06E12F0D8B5D}.STM32F10X|Win32.Build.0 = STM32F10X|Win32
		{F9181063-6C59-4321-88AC-06E12F0D8B5D}.STM32F4XX|Win32.ActiveCfg = STM32F4XX|Win32
		{F9181063-6C59-4321-88AC-06E12F0D8B5D}.STM32F4XX|Win32.Build.0 = STM32F4XX|Win32
		{11B94E3B-68DD-435B-8FDC-8330560ED8E2}.MCU_TYPE|Win32.ActiveCfg = STM32F0XX|Win32
		{11B94E3B-68DD-435B-8FDC-8330560ED8E2}.MCU_TYPE|Win32.Build.0 = STM32F0XX|Win32
		{11B94E3B-68DD-435B-8FDC-8330560ED8E2}.RDA5856|Win32.ActiveCfg = STM32F0XX|Win32
		{11B94E3B-68DD-435B-8FDC-8330560ED8E2}.RDA5856|Win32.Build.0 = STM32F0XX|Win32
		{11B94E3B-68DD-435B-8FDC-8330560ED8E2}.STM32F0XX|Win32.ActiveCfg = STM32F0XX|Win32
		{11B94E3B-68DD-435B-8FDC-8330560ED8E2}.STM32F0XX|Win32.Build.0 = STM32F0XX|Win32
		{11B94E3B-68DD-435B-8FDC-8330560ED8E2}.STM32F10X|Win32.ActiveCfg = STM32F10X|Win32
		{11B94E3B-68DD-435B-8FDC-8330560ED8E2}.STM32F10X|Win32.Build.0 = STM32F10X|Win32
		{11B94E3B-68DD-435B-8FDC-8330560ED8E2}.STM32F4XX|Win32.ActiveCfg = STM32F4XX|Win32
		{11B94E3B-68DD-435B-8FDC-8330560ED8E2}.STM32F4XX|Win32.Build.0 = STM32F4XX|Win32
	EndGlobalSection
	GlobalSection(SolutionProperties) = preSolution
		HideSolutionNode = FALSE
	EndGlobalSection
EndGlobal
